// !$*UTF8*$!
{
	archiveVersion = 1;
	classes = {
	};
	objectVersion = 46;
	objects = {

/* Begin PBXBuildFile section */
		56B7AC151ECC29FE006BE974 /* kmeans.cpp in Sources */ = {isa = PBXBuildFile; fileRef = 56B7AC071ECC27BF006BE974 /* kmeans.cpp */; };
		56FD4DA31EBEF8E500436992 /* main.cpp in Sources */ = {isa = PBXBuildFile; fileRef = 56FD4DA21EBEF8E500436992 /* main.cpp */; };
/* End PBXBuildFile section */

/* Begin PBXCopyFilesBuildPhase section */
		56B7AC0B1ECC2800006BE974 /* CopyFiles */ = {
			isa = PBXCopyFilesBuildPhase;
			buildActionMask = 2147483647;
			dstPath = /usr/share/man/man1/;
			dstSubfolderSpec = 0;
			files = (
			);
			runOnlyForDeploymentPostprocessing = 1;
		};
		56FD4D9D1EBEF8E500436992 /* CopyFiles */ = {
			isa = PBXCopyFilesBuildPhase;
			buildActionMask = 2147483647;
			dstPath = /usr/share/man/man1/;
			dstSubfolderSpec = 0;
			files = (
			);
			runOnlyForDeploymentPostprocessing = 1;
		};
/* End PBXCopyFilesBuildPhase section */

/* Begin PBXFileReference section */
		56B7AC071ECC27BF006BE974 /* kmeans.cpp */ = {isa = PBXFileReference; fileEncoding = 4; lastKnownFileType = sourcecode.cpp.cpp; name = kmeans.cpp; path = "../Join-Analysis-C++/kmeans.cpp"; sourceTree = "<group>"; };
		56B7AC0D1ECC2800006BE974 /* KMeansClustering */ = {isa = PBXFileReference; explicitFileType = "compiled.mach-o.executable"; includeInIndex = 0; path = KMeansClustering; sourceTree = BUILT_PRODUCTS_DIR; };
		56FD4D9F1EBEF8E500436992 /* Join-Analysis-C++ */ = {isa = PBXFileReference; explicitFileType = "compiled.mach-o.executable"; includeInIndex = 0; path = "Join-Analysis-C++"; sourceTree = BUILT_PRODUCTS_DIR; };
		56FD4DA21EBEF8E500436992 /* main.cpp */ = {isa = PBXFileReference; lastKnownFileType = sourcecode.cpp.cpp; path = main.cpp; sourceTree = "<group>"; };
		56FD4DA91EBEFC0B00436992 /* json.hpp */ = {isa = PBXFileReference; fileEncoding = 4; lastKnownFileType = sourcecode.cpp.h; path = json.hpp; sourceTree = "<group>"; };
/* End PBXFileReference section */

/* Begin PBXFrameworksBuildPhase section */
		56B7AC0A1ECC2800006BE974 /* Frameworks */ = {
			isa = PBXFrameworksBuildPhase;
			buildActionMask = 2147483647;
			files = (
			);
			runOnlyForDeploymentPostprocessing = 0;
		};
		56FD4D9C1EBEF8E500436992 /* Frameworks */ = {
			isa = PBXFrameworksBuildPhase;
			buildActionMask = 2147483647;
			files = (
			);
			runOnlyForDeploymentPostprocessing = 0;
		};
/* End PBXFrameworksBuildPhase section */

/* Begin PBXGroup section */
		56B7AC0E1ECC2800006BE974 /* KMeansClustering */ = {
			isa = PBXGroup;
			children = (
				56B7AC071ECC27BF006BE974 /* kmeans.cpp */,
			);
			path = KMeansClustering;
			sourceTree = "<group>";
		};
		56FD4D961EBEF8E500436992 = {
			isa = PBXGroup;
			children = (
				56FD4DA11EBEF8E500436992 /* Join-Analysis-C++ */,
				56B7AC0E1ECC2800006BE974 /* KMeansClustering */,
				56FD4DA01EBEF8E500436992 /* Products */,
			);
			sourceTree = "<group>";
		};
		56FD4DA01EBEF8E500436992 /* Products */ = {
			isa = PBXGroup;
			children = (
				56FD4D9F1EBEF8E500436992 /* Join-Analysis-C++ */,
				56B7AC0D1ECC2800006BE974 /* KMeansClustering */,
			);
			name = Products;
			sourceTree = "<group>";
		};
		56FD4DA11EBEF8E500436992 /* Join-Analysis-C++ */ = {
			isa = PBXGroup;
			children = (
				56FD4DA91EBEFC0B00436992 /* json.hpp */,
				56FD4DA21EBEF8E500436992 /* main.cpp */,
			);
			path = "Join-Analysis-C++";
			sourceTree = "<group>";
		};
/* End PBXGroup section */

/* Begin PBXNativeTarget section */
		56B7AC0C1ECC2800006BE974 /* KMeansClustering */ = {
			isa = PBXNativeTarget;
			buildConfigurationList = 56B7AC111ECC2800006BE974 /* Build configuration list for PBXNativeTarget "KMeansClustering" */;
			buildPhases = (
				56B7AC091ECC2800006BE974 /* Sources */,
				56B7AC0A1ECC2800006BE974 /* Frameworks */,
				56B7AC0B1ECC2800006BE974 /* CopyFiles */,
			);
			buildRules = (
			);
			dependencies = (
			);
			name = KMeansClustering;
			productName = KMeansClustering;
			productReference = 56B7AC0D1ECC2800006BE974 /* KMeansClustering */;
			productType = "com.apple.product-type.tool";
		};
		56FD4D9E1EBEF8E500436992 /* Join-Analysis-C++ */ = {
			isa = PBXNativeTarget;
			buildConfigurationList = 56FD4DA61EBEF8E500436992 /* Build configuration list for PBXNativeTarget "Join-Analysis-C++" */;
			buildPhases = (
				56FD4D9B1EBEF8E500436992 /* Sources */,
				56FD4D9C1EBEF8E500436992 /* Frameworks */,
				56FD4D9D1EBEF8E500436992 /* CopyFiles */,
			);
			buildRules = (
			);
			dependencies = (
			);
			name = "Join-Analysis-C++";
			productName = "Join-Analysis-C++";
			productReference = 56FD4D9F1EBEF8E500436992 /* Join-Analysis-C++ */;
			productType = "com.apple.product-type.tool";
		};
/* End PBXNativeTarget section */

/* Begin PBXProject section */
		56FD4D971EBEF8E500436992 /* Project object */ = {
			isa = PBXProject;
			attributes = {
				LastUpgradeCheck = 0830;
				ORGANIZATIONNAME = "Asjad Athick";
				TargetAttributes = {
					56B7AC0C1ECC2800006BE974 = {
						CreatedOnToolsVersion = 8.3.2;
						ProvisioningStyle = Automatic;
					};
					56FD4D9E1EBEF8E500436992 = {
						CreatedOnToolsVersion = 8.3;
						ProvisioningStyle = Automatic;
					};
				};
			};
			buildConfigurationList = 56FD4D9A1EBEF8E500436992 /* Build configuration list for PBXProject "Join-Analysis-C++" */;
			compatibilityVersion = "Xcode 3.2";
			developmentRegion = English;
			hasScannedForEncodings = 0;
			knownRegions = (
				en,
			);
			mainGroup = 56FD4D961EBEF8E500436992;
			productRefGroup = 56FD4DA01EBEF8E500436992 /* Products */;
			projectDirPath = "";
			projectRoot = "";
			targets = (
				56FD4D9E1EBEF8E500436992 /* Join-Analysis-C++ */,
				56B7AC0C1ECC2800006BE974 /* KMeansClustering */,
			);
		};
/* End PBXProject section */

/* Begin PBXSourcesBuildPhase section */
		56B7AC091ECC2800006BE974 /* Sources */ = {
			isa = PBXSourcesBuildPhase;
			buildActionMask = 2147483647;
			files = (
				56B7AC151ECC29FE006BE974 /* kmeans.cpp in Sources */,
			);
			runOnlyForDeploymentPostprocessing = 0;
		};
		56FD4D9B1EBEF8E500436992 /* Sources */ = {
			isa = PBXSourcesBuildPhase;
			buildActionMask = 2147483647;
			files = (
				56FD4DA31EBEF8E500436992 /* main.cpp in Sources */,
			);
			runOnlyForDeploymentPostprocessing = 0;
		};
/* End PBXSourcesBuildPhase section */

/* Begin XCBuildConfiguration section */
		56B7AC121ECC2800006BE974 /* Debug */ = {
			isa = XCBuildConfiguration;
			buildSettings = {
				PRODUCT_NAME = "$(TARGET_NAME)";
			};
			name = Debug;
		};
		56B7AC131ECC2800006BE974 /* Release */ = {
			isa = XCBuildConfiguration;
			buildSettings = {
				PRODUCT_NAME = "$(TARGET_NAME)";
			};
			name = Release;
		};
		56FD4DA41EBEF8E500436992 /* Debug */ = {
			isa = XCBuildConfiguration;
			buildSettings = {
				ALWAYS_SEARCH_USER_PATHS = NO;
				CLANG_ANALYZER_NONNULL = YES;
				CLANG_ANALYZER_NUMBER_OBJECT_CONVERSION = YES_AGGRESSIVE;
				CLANG_CXX_LANGUAGE_STANDARD = "gnu++0x";
				CLANG_CXX_LIBRARY = "libc++";
				CLANG_ENABLE_MODULES = YES;
				CLANG_ENABLE_OBJC_ARC = YES;
				CLANG_WARN_BOOL_CONVERSION = YES;
				CLANG_WARN_CONSTANT_CONVERSION = YES;
				CLANG_WARN_DIRECT_OBJC_ISA_USAGE = YES_ERROR;
				CLANG_WARN_DOCUMENTATION_COMMENTS = YES;
				CLANG_WARN_EMPTY_BODY = YES;
				CLANG_WARN_ENUM_CONVERSION = YES;
				CLANG_WARN_INFINITE_RECURSION = YES;
				CLANG_WARN_INT_CONVERSION = YES;
				CLANG_WARN_OBJC_ROOT_CLASS = YES_ERROR;
				CLANG_WARN_SUSPICIOUS_MOVE = YES;
				CLANG_WARN_UNREACHABLE_CODE = YES;
				CLANG_WARN__DUPLICATE_METHOD_MATCH = YES;
				CODE_SIGN_IDENTITY = "-";
				COPY_PHASE_STRIP = NO;
				DEBUG_INFORMATION_FORMAT = dwarf;
				ENABLE_STRICT_OBJC_MSGSEND = YES;
				ENABLE_TESTABILITY = YES;
				GCC_C_LANGUAGE_STANDARD = gnu99;
				GCC_DYNAMIC_NO_PIC = NO;
				GCC_NO_COMMON_BLOCKS = YES;
				GCC_OPTIMIZATION_LEVEL = 0;
				GCC_PREPROCESSOR_DEFINITIONS = (
					"DEBUG=1",
					"$(inherited)",
				);
				GCC_WARN_64_TO_32_BIT_CONVERSION = YES;
				GCC_WARN_ABOUT_RETURN_TYPE = YES_ERROR;
				GCC_WARN_UNDECLARED_SELECTOR = YES;
				GCC_WARN_UNINITIALIZED_AUTOS = YES_AGGRESSIVE;
				GCC_WARN_UNUSED_FUNCTION = YES;
				GCC_WARN_UNUSED_VARIABLE = YES;
				MACOSX_DEPLOYMENT_TARGET = 10.12;
				MTL_ENABLE_DEBUG_INFO = YES;
				ONLY_ACTIVE_ARCH = YES;
				SDKROOT = macosx;
			};
			name = Debug;
		};
		56FD4DA51EBEF8E500436992 /* Release */ = {
			isa = XCBuildConfiguration;
			buildSettings = {
				ALWAYS_SEARCH_USER_PATHS = NO;
				CLANG_ANALYZER_NONNULL = YES;
				CLANG_ANALYZER_NUMBER_OBJECT_CONVERSION = YES_AGGRESSIVE;
				CLANG_CXX_LANGUAGE_STANDARD = "gnu++0x";
				CLANG_CXX_LIBRARY = "libc++";
				CLANG_ENABLE_MODULES = YES;
				CLANG_ENABLE_OBJC_ARC = YES;
				CLANG_WARN_BOOL_CONVERSION = YES;
				CLANG_WARN_CONSTANT_CONVERSION = YES;
				CLANG_WARN_DIRECT_OBJC_ISA_USAGE = YES_ERROR;
				CLANG_WARN_DOCUMENTATION_COMMENTS = YES;
				CLANG_WARN_EMPTY_BODY = YES;
				CLANG_WARN_ENUM_CONVERSION = YES;
				CLANG_WARN_INFINITE_RECURSION = YES;
				CLANG_WARN_INT_CONVERSION = YES;
				CLANG_WARN_OBJC_ROOT_CLASS = YES_ERROR;
				CLANG_WARN_SUSPICIOUS_MOVE = YES;
				CLANG_WARN_UNREACHABLE_CODE = YES;
				CLANG_WARN__DUPLICATE_METHOD_MATCH = YES;
				CODE_SIGN_IDENTITY = "-";
				COPY_PHASE_STRIP = NO;
				DEBUG_INFORMATION_FORMAT = "dwarf-with-dsym";
				ENABLE_NS_ASSERTIONS = NO;
				ENABLE_STRICT_OBJC_MSGSEND = YES;
				GCC_C_LANGUAGE_STANDARD = gnu99;
				GCC_NO_COMMON_BLOCKS = YES;
				GCC_WARN_64_TO_32_BIT_CONVERSION = YES;
				GCC_WARN_ABOUT_RETURN_TYPE = YES_ERROR;
				GCC_WARN_UNDECLARED_SELECTOR = YES;
				GCC_WARN_UNINITIALIZED_AUTOS = YES_AGGRESSIVE;
				GCC_WARN_UNUSED_FUNCTION = YES;
				GCC_WARN_UNUSED_VARIABLE = YES;
				MACOSX_DEPLOYMENT_TARGET = 10.12;
				MTL_ENABLE_DEBUG_INFO = NO;
				SDKROOT = macosx;
			};
			name = Release;
		};
		56FD4DA71EBEF8E500436992 /* Debug */ = {
			isa = XCBuildConfiguration;
			buildSettings = {
				PRODUCT_NAME = "$(TARGET_NAME)";
			};
			name = Debug;
		};
		56FD4DA81EBEF8E500436992 /* Release */ = {
			isa = XCBuildConfiguration;
			buildSettings = {
				PRODUCT_NAME = "$(TARGET_NAME)";
			};
			name = Release;
		};
/* End XCBuildConfiguration section */

/* Begin XCConfigurationList section */
		56B7AC111ECC2800006BE974 /* Build configuration list for PBXNativeTarget "KMeansClustering" */ = {
			isa = XCConfigurationList;
			buildConfigurations = (
				56B7AC121ECC2800006BE974 /* Debug */,
				56B7AC131ECC2800006BE974 /* Release */,
			);
			defaultConfigurationIsVisible = 0;
		};
		56FD4D9A1EBEF8E500436992 /* Build configuration list for PBXProject "Join-Analysis-C++" */ = {
			isa = XCConfigurationList;
			buildConfigurations = (
				56FD4DA41EBEF8E500436992 /* Debug */,
				56FD4DA51EBEF8E500436992 /* Release */,
			);
			defaultConfigurationIsVisible = 0;
			defaultConfigurationName = Release;
		};
		56FD4DA61EBEF8E500436992 /* Build configuration list for PBXNativeTarget "Join-Analysis-C++" */ = {
			isa = XCConfigurationList;
			buildConfigurations = (
				56FD4DA71EBEF8E500436992 /* Debug */,
				56FD4DA81EBEF8E500436992 /* Release */,
			);
			defaultConfigurationIsVisible = 0;
			defaultConfigurationName = Release;
		};
/* End XCConfigurationList section */
	};
	rootObject = 56FD4D971EBEF8E500436992 /* Project object */;
}
